
Microsoft Visual Studio Solution File, Format Version 12.00
# Visual Studio Version 16
VisualStudioVersion = 16.0.30907.101
MinimumVisualStudioVersion = 10.0.40219.1
Project("{FAE04EC0-301F-11D3-BF4B-00C04F79EFBC}") = "ExamenPractico2Ds39A", "ExamenPractico2Ds39A\ExamenPractico2Ds39A.csproj", "{0C3A41A4-F828-4C54-941B-8407E6AE476A}"
EndProject
Global
	GlobalSection(SolutionConfigurationPlatforms) = preSolution
		Debug|Any CPU = Debug|Any CPU
		Release|Any CPU = Release|Any CPU
	EndGlobalSection
	GlobalSection(ProjectConfigurationPlatforms) = postSolution
		{0C3A41A4-F828-4C54-941B-8407E6AE476A}.Debug|Any CPU.ActiveCfg = Debug|Any CPU
		{0C3A41A4-F828-4C54-941B-8407E6AE476A}.Debug|Any CPU.Build.0 = Debug|Any CPU
		{0C3A41A4-F828-4C54-941B-8407E6AE476A}.Release|Any CPU.ActiveCfg = Release|Any CPU
		{0C3A41A4-F828-4C54-941B-8407E6AE476A}.Release|Any CPU.Build.0 = Release|Any CPU
	EndGlobalSection
	GlobalSection(SolutionProperties) = preSolution
		HideSolutionNode = FALSE
	EndGlobalSection
	GlobalSection(ExtensibilityGlobals) = postSolution
		SolutionGuid = {92B8F491-5504-4B80-984F-D5478D981789}
	EndGlobalSection
EndGlobal
